// !$*UTF8*$!
{
	archiveVersion = 1;
	classes = {
	};
	objectVersion = 51;
	objects = {

/* Begin PBXBuildFile section */
		5D7EFFDA234BEE25009336A9 /* Pawn.swift in Sources */ = {isa = PBXBuildFile; fileRef = 5D7EFFD9234BEE25009336A9 /* Pawn.swift */; };
		5DC0C5252344AB5B0018C551 /* PieceUnitTest.swift in Sources */ = {isa = PBXBuildFile; fileRef = 5DC0C5242344AB5B0018C551 /* PieceUnitTest.swift */; };
		5DC0C52A2344AB690018C551 /* main.swift in Sources */ = {isa = PBXBuildFile; fileRef = 832D1ADE233CB957009D58D3 /* main.swift */; };
		5DC0C52E2346EE250018C551 /* Piece.swift in Sources */ = {isa = PBXBuildFile; fileRef = 5DC0C52D2346EE250018C551 /* Piece.swift */; };
		5DC0C52F2346EF000018C551 /* Piece.swift in Sources */ = {isa = PBXBuildFile; fileRef = 5DC0C52D2346EE250018C551 /* Piece.swift */; };
		5DC0C5332346F4640018C551 /* Board.swift in Sources */ = {isa = PBXBuildFile; fileRef = 5DC0C5322346F4640018C551 /* Board.swift */; };
		5DC0C5352346F4B40018C551 /* BoardUnitTest.swift in Sources */ = {isa = PBXBuildFile; fileRef = 5DC0C5342346F4B40018C551 /* BoardUnitTest.swift */; };
		5DC0C5362346F4D90018C551 /* Board.swift in Sources */ = {isa = PBXBuildFile; fileRef = 5DC0C5322346F4640018C551 /* Board.swift */; };
		832D1ADF233CB957009D58D3 /* main.swift in Sources */ = {isa = PBXBuildFile; fileRef = 832D1ADE233CB957009D58D3 /* main.swift */; };
		8ADA89B6F26C72CE4F84B075 /* Pods_ChessGameUnitTest.framework in Frameworks */ = {isa = PBXBuildFile; fileRef = 35F25EDAFD831899249AFBA9 /* Pods_ChessGameUnitTest.framework */; };
/* End PBXBuildFile section */

/* Begin PBXCopyFilesBuildPhase section */
		832D1AD9233CB957009D58D3 /* CopyFiles */ = {
			isa = PBXCopyFilesBuildPhase;
			buildActionMask = 2147483647;
			dstPath = /usr/share/man/man1/;
			dstSubfolderSpec = 0;
			files = (
			);
			runOnlyForDeploymentPostprocessing = 1;
		};
/* End PBXCopyFilesBuildPhase section */

/* Begin PBXFileReference section */
		0F50E771197B9541F9F914AF /* Pods-ChessGameUnitTest.debug.xcconfig */ = {isa = PBXFileReference; includeInIndex = 1; lastKnownFileType = text.xcconfig; name = "Pods-ChessGameUnitTest.debug.xcconfig"; path = "Target Support Files/Pods-ChessGameUnitTest/Pods-ChessGameUnitTest.debug.xcconfig"; sourceTree = "<group>"; };
		35F25EDAFD831899249AFBA9 /* Pods_ChessGameUnitTest.framework */ = {isa = PBXFileReference; explicitFileType = wrapper.framework; includeInIndex = 0; path = Pods_ChessGameUnitTest.framework; sourceTree = BUILT_PRODUCTS_DIR; };
		5D7EFFD9234BEE25009336A9 /* Pawn.swift */ = {isa = PBXFileReference; lastKnownFileType = sourcecode.swift; path = Pawn.swift; sourceTree = "<group>"; };
		5DC0C5222344AB5B0018C551 /* ChessGameUnitTest.xctest */ = {isa = PBXFileReference; explicitFileType = wrapper.cfbundle; includeInIndex = 0; path = ChessGameUnitTest.xctest; sourceTree = BUILT_PRODUCTS_DIR; };
		5DC0C5242344AB5B0018C551 /* PieceUnitTest.swift */ = {isa = PBXFileReference; lastKnownFileType = sourcecode.swift; path = PieceUnitTest.swift; sourceTree = "<group>"; };
		5DC0C5262344AB5B0018C551 /* Info.plist */ = {isa = PBXFileReference; lastKnownFileType = text.plist.xml; path = Info.plist; sourceTree = "<group>"; };
		5DC0C52D2346EE250018C551 /* Piece.swift */ = {isa = PBXFileReference; lastKnownFileType = sourcecode.swift; path = Piece.swift; sourceTree = "<group>"; };
		5DC0C5322346F4640018C551 /* Board.swift */ = {isa = PBXFileReference; lastKnownFileType = sourcecode.swift; path = Board.swift; sourceTree = "<group>"; };
		5DC0C5342346F4B40018C551 /* BoardUnitTest.swift */ = {isa = PBXFileReference; lastKnownFileType = sourcecode.swift; path = BoardUnitTest.swift; sourceTree = "<group>"; };
		832D1ADB233CB957009D58D3 /* ChessGame */ = {isa = PBXFileReference; explicitFileType = "compiled.mach-o.executable"; includeInIndex = 0; path = ChessGame; sourceTree = BUILT_PRODUCTS_DIR; };
		832D1ADE233CB957009D58D3 /* main.swift */ = {isa = PBXFileReference; lastKnownFileType = sourcecode.swift; path = main.swift; sourceTree = "<group>"; };
		888C417033CC465BBCFF7CCE /* Pods-ChessGameUnitTest.release.xcconfig */ = {isa = PBXFileReference; includeInIndex = 1; lastKnownFileType = text.xcconfig; name = "Pods-ChessGameUnitTest.release.xcconfig"; path = "Target Support Files/Pods-ChessGameUnitTest/Pods-ChessGameUnitTest.release.xcconfig"; sourceTree = "<group>"; };
/* End PBXFileReference section */

/* Begin PBXFrameworksBuildPhase section */
		5DC0C51F2344AB5B0018C551 /* Frameworks */ = {
			isa = PBXFrameworksBuildPhase;
			buildActionMask = 2147483647;
			files = (
				8ADA89B6F26C72CE4F84B075 /* Pods_ChessGameUnitTest.framework in Frameworks */,
			);
			runOnlyForDeploymentPostprocessing = 0;
		};
		832D1AD8233CB957009D58D3 /* Frameworks */ = {
			isa = PBXFrameworksBuildPhase;
			buildActionMask = 2147483647;
			files = (
			);
			runOnlyForDeploymentPostprocessing = 0;
		};
/* End PBXFrameworksBuildPhase section */

/* Begin PBXGroup section */
		01B3097B3EF103BC1D281F30 /* Pods */ = {
			isa = PBXGroup;
			children = (
				0F50E771197B9541F9F914AF /* Pods-ChessGameUnitTest.debug.xcconfig */,
				888C417033CC465BBCFF7CCE /* Pods-ChessGameUnitTest.release.xcconfig */,
			);
			path = Pods;
			sourceTree = "<group>";
		};
		5DC0C5232344AB5B0018C551 /* ChessGameUnitTest */ = {
			isa = PBXGroup;
			children = (
				5DC0C5242344AB5B0018C551 /* PieceUnitTest.swift */,
				5DC0C5342346F4B40018C551 /* BoardUnitTest.swift */,
				5DC0C5262344AB5B0018C551 /* Info.plist */,
			);
			path = ChessGameUnitTest;
			sourceTree = "<group>";
		};
		832D1AD2233CB957009D58D3 = {
			isa = PBXGroup;
			children = (
				832D1ADD233CB957009D58D3 /* ChessGame */,
				5DC0C5232344AB5B0018C551 /* ChessGameUnitTest */,
				832D1ADC233CB957009D58D3 /* Products */,
				01B3097B3EF103BC1D281F30 /* Pods */,
				D1246862BF3FA2D295040CA6 /* Frameworks */,
			);
			sourceTree = "<group>";
		};
		832D1ADC233CB957009D58D3 /* Products */ = {
			isa = PBXGroup;
			children = (
				832D1ADB233CB957009D58D3 /* ChessGame */,
				5DC0C5222344AB5B0018C551 /* ChessGameUnitTest.xctest */,
			);
			name = Products;
			sourceTree = "<group>";
		};
		832D1ADD233CB957009D58D3 /* ChessGame */ = {
			isa = PBXGroup;
			children = (
				832D1ADE233CB957009D58D3 /* main.swift */,
				5DC0C5322346F4640018C551 /* Board.swift */,
				5DC0C52D2346EE250018C551 /* Piece.swift */,
				5D7EFFD9234BEE25009336A9 /* Pawn.swift */,
			);
			path = ChessGame;
			sourceTree = "<group>";
		};
		D1246862BF3FA2D295040CA6 /* Frameworks */ = {
			isa = PBXGroup;
			children = (
				35F25EDAFD831899249AFBA9 /* Pods_ChessGameUnitTest.framework */,
			);
			name = Frameworks;
			sourceTree = "<group>";
		};
/* End PBXGroup section */

/* Begin PBXNativeTarget section */
		5DC0C5212344AB5B0018C551 /* ChessGameUnitTest */ = {
			isa = PBXNativeTarget;
			buildConfigurationList = 5DC0C5292344AB5B0018C551 /* Build configuration list for PBXNativeTarget "ChessGameUnitTest" */;
			buildPhases = (
				8D685760B459AF70ED1BB586 /* [CP] Check Pods Manifest.lock */,
				5DC0C51E2344AB5B0018C551 /* Sources */,
				5DC0C51F2344AB5B0018C551 /* Frameworks */,
				5DC0C5202344AB5B0018C551 /* Resources */,
				557A4EAC977ED648EF728648 /* [CP] Embed Pods Frameworks */,
			);
			buildRules = (
			);
			dependencies = (
			);
			name = ChessGameUnitTest;
			productName = ChessGameUnitTest;
			productReference = 5DC0C5222344AB5B0018C551 /* ChessGameUnitTest.xctest */;
			productType = "com.apple.product-type.bundle.unit-test";
		};
		832D1ADA233CB957009D58D3 /* ChessGame */ = {
			isa = PBXNativeTarget;
			buildConfigurationList = 832D1AE2233CB957009D58D3 /* Build configuration list for PBXNativeTarget "ChessGame" */;
			buildPhases = (
				832D1AD7233CB957009D58D3 /* Sources */,
				832D1AD8233CB957009D58D3 /* Frameworks */,
				832D1AD9233CB957009D58D3 /* CopyFiles */,
			);
			buildRules = (
			);
			dependencies = (
			);
			name = ChessGame;
			productName = ChessGame;
			productReference = 832D1ADB233CB957009D58D3 /* ChessGame */;
			productType = "com.apple.product-type.tool";
		};
/* End PBXNativeTarget section */

/* Begin PBXProject section */
		832D1AD3233CB957009D58D3 /* Project object */ = {
			isa = PBXProject;
			attributes = {
				LastSwiftUpdateCheck = 1030;
				LastUpgradeCheck = 1030;
				ORGANIZATIONNAME = codesquad;
				TargetAttributes = {
					5DC0C5212344AB5B0018C551 = {
						CreatedOnToolsVersion = 10.3;
					};
					832D1ADA233CB957009D58D3 = {
						CreatedOnToolsVersion = 10.3;
					};
				};
			};
			buildConfigurationList = 832D1AD6233CB957009D58D3 /* Build configuration list for PBXProject "ChessGame" */;
			compatibilityVersion = "Xcode 9.3";
			developmentRegion = en;
			hasScannedForEncodings = 0;
			knownRegions = (
				en,
			);
			mainGroup = 832D1AD2233CB957009D58D3;
			productRefGroup = 832D1ADC233CB957009D58D3 /* Products */;
			projectDirPath = "";
			projectRoot = "";
			targets = (
				832D1ADA233CB957009D58D3 /* ChessGame */,
				5DC0C5212344AB5B0018C551 /* ChessGameUnitTest */,
			);
		};
/* End PBXProject section */

/* Begin PBXResourcesBuildPhase section */
		5DC0C5202344AB5B0018C551 /* Resources */ = {
			isa = PBXResourcesBuildPhase;
			buildActionMask = 2147483647;
			files = (
			);
			runOnlyForDeploymentPostprocessing = 0;
		};
/* End PBXResourcesBuildPhase section */

/* Begin PBXShellScriptBuildPhase section */
		557A4EAC977ED648EF728648 /* [CP] Embed Pods Frameworks */ = {
			isa = PBXShellScriptBuildPhase;
			buildActionMask = 2147483647;
			files = (
			);
			inputFileListPaths = (
				"${PODS_ROOT}/Target Support Files/Pods-ChessGameUnitTest/Pods-ChessGameUnitTest-frameworks-${CONFIGURATION}-input-files.xcfilelist",
			);
			name = "[CP] Embed Pods Frameworks";
			outputFileListPaths = (
				"${PODS_ROOT}/Target Support Files/Pods-ChessGameUnitTest/Pods-ChessGameUnitTest-frameworks-${CONFIGURATION}-output-files.xcfilelist",
			);
			runOnlyForDeploymentPostprocessing = 0;
			shellPath = /bin/sh;
			shellScript = "\"${PODS_ROOT}/Target Support Files/Pods-ChessGameUnitTest/Pods-ChessGameUnitTest-frameworks.sh\"\n";
			showEnvVarsInLog = 0;
		};
		8D685760B459AF70ED1BB586 /* [CP] Check Pods Manifest.lock */ = {
			isa = PBXShellScriptBuildPhase;
			buildActionMask = 2147483647;
			files = (
			);
			inputFileListPaths = (
			);
			inputPaths = (
				"${PODS_PODFILE_DIR_PATH}/Podfile.lock",
				"${PODS_ROOT}/Manifest.lock",
			);
			name = "[CP] Check Pods Manifest.lock";
			outputFileListPaths = (
			);
			outputPaths = (
				"$(DERIVED_FILE_DIR)/Pods-ChessGameUnitTest-checkManifestLockResult.txt",
			);
			runOnlyForDeploymentPostprocessing = 0;
			shellPath = /bin/sh;
			shellScript = "diff \"${PODS_PODFILE_DIR_PATH}/Podfile.lock\" \"${PODS_ROOT}/Manifest.lock\" > /dev/null\nif [ $? != 0 ] ; then\n    # print error to STDERR\n    echo \"error: The sandbox is not in sync with the Podfile.lock. Run 'pod install' or update your CocoaPods installation.\" >&2\n    exit 1\nfi\n# This output is used by Xcode 'outputs' to avoid re-running this script phase.\necho \"SUCCESS\" > \"${SCRIPT_OUTPUT_FILE_0}\"\n";
			showEnvVarsInLog = 0;
		};
/* End PBXShellScriptBuildPhase section */

/* Begin PBXSourcesBuildPhase section */
		5DC0C51E2344AB5B0018C551 /* Sources */ = {
			isa = PBXSourcesBuildPhase;
			buildActionMask = 2147483647;
			files = (
				5DC0C52A2344AB690018C551 /* main.swift in Sources */,
				5DC0C52F2346EF000018C551 /* Piece.swift in Sources */,
				5DC0C5362346F4D90018C551 /* Board.swift in Sources */,
				5DC0C5352346F4B40018C551 /* BoardUnitTest.swift in Sources */,
				5DC0C5252344AB5B0018C551 /* PieceUnitTest.swift in Sources */,
			);
			runOnlyForDeploymentPostprocessing = 0;
		};
		832D1AD7233CB957009D58D3 /* Sources */ = {
			isa = PBXSourcesBuildPhase;
			buildActionMask = 2147483647;
			files = (
				832D1ADF233CB957009D58D3 /* main.swift in Sources */,
				5DC0C52E2346EE250018C551 /* Piece.swift in Sources */,
				5DC0C5332346F4640018C551 /* Board.swift in Sources */,
				5D7EFFDA234BEE25009336A9 /* Pawn.swift in Sources */,
			);
			runOnlyForDeploymentPostprocessing = 0;
		};
/* End PBXSourcesBuildPhase section */

/* Begin XCBuildConfiguration section */
		5DC0C5272344AB5B0018C551 /* Debug */ = {
			isa = XCBuildConfiguration;
			baseConfigurationReference = 0F50E771197B9541F9F914AF /* Pods-ChessGameUnitTest.debug.xcconfig */;
			buildSettings = {
				CODE_SIGN_STYLE = Automatic;
				COMBINE_HIDPI_IMAGES = YES;
				INFOPLIST_FILE = ChessGameUnitTest/Info.plist;
				LD_RUNPATH_SEARCH_PATHS = (
					"$(inherited)",
					"@executable_path/../Frameworks",
					"@loader_path/../Frameworks",
				);
				MACOSX_DEPLOYMENT_TARGET = 10.14;
				PRODUCT_BUNDLE_IDENTIFIER = com.temphee.ChessGameUnitTest;
				PRODUCT_NAME = "$(TARGET_NAME)";
				SWIFT_VERSION = 5.0;
			};
			name = Debug;
		};
		5DC0C5282344AB5B0018C551 /* Release */ = {
			isa = XCBuildConfiguration;
			baseConfigurationReference = 888C417033CC465BBCFF7CCE /* Pods-ChessGameUnitTest.release.xcconfig */;
			buildSettings = {
				CODE_SIGN_STYLE = Automatic;
				COMBINE_HIDPI_IMAGES = YES;
				INFOPLIST_FILE = ChessGameUnitTest/Info.plist;
				LD_RUNPATH_SEARCH_PATHS = (
					"$(inherited)",
					"@executable_path/../Frameworks",
					"@loader_path/../Frameworks",
				);
				MACOSX_DEPLOYMENT_TARGET = 10.14;
				PRODUCT_BUNDLE_IDENTIFIER = com.temphee.ChessGameUnitTest;
				PRODUCT_NAME = "$(TARGET_NAME)";
				SWIFT_VERSION = 5.0;
			};
			name = Release;
		};
		832D1AE0233CB957009D58D3 /* Debug */ = {
			isa = XCBuildConfiguration;
			buildSettings = {
				ALWAYS_SEARCH_USER_PATHS = NO;
				CLANG_ANALYZER_NONNULL = YES;
				CLANG_ANALYZER_NUMBER_OBJECT_CONVERSION = YES_AGGRESSIVE;
				CLANG_CXX_LANGUAGE_STANDARD = "gnu++14";
				CLANG_CXX_LIBRARY = "libc++";
				CLANG_ENABLE_MODULES = YES;
				CLANG_ENABLE_OBJC_ARC = YES;
				CLANG_ENABLE_OBJC_WEAK = YES;
				CLANG_WARN_BLOCK_CAPTURE_AUTORELEASING = YES;
				CLANG_WARN_BOOL_CONVERSION = YES;
				CLANG_WARN_COMMA = YES;
				CLANG_WARN_CONSTANT_CONVERSION = YES;
				CLANG_WARN_DEPRECATED_OBJC_IMPLEMENTATIONS = YES;
				CLANG_WARN_DIRECT_OBJC_ISA_USAGE = YES_ERROR;
				CLANG_WARN_DOCUMENTATION_COMMENTS = YES;
				CLANG_WARN_EMPTY_BODY = YES;
				CLANG_WARN_ENUM_CONVERSION = YES;
				CLANG_WARN_INFINITE_RECURSION = YES;
				CLANG_WARN_INT_CONVERSION = YES;
				CLANG_WARN_NON_LITERAL_NULL_CONVERSION = YES;
				CLANG_WARN_OBJC_IMPLICIT_RETAIN_SELF = YES;
				CLANG_WARN_OBJC_LITERAL_CONVERSION = YES;
				CLANG_WARN_OBJC_ROOT_CLASS = YES_ERROR;
				CLANG_WARN_RANGE_LOOP_ANALYSIS = YES;
				CLANG_WARN_STRICT_PROTOTYPES = YES;
				CLANG_WARN_SUSPICIOUS_MOVE = YES;
				CLANG_WARN_UNGUARDED_AVAILABILITY = YES_AGGRESSIVE;
				CLANG_WARN_UNREACHABLE_CODE = YES;
				CLANG_WARN__DUPLICATE_METHOD_MATCH = YES;
				CODE_SIGN_IDENTITY = "-";
				COPY_PHASE_STRIP = NO;
				DEBUG_INFORMATION_FORMAT = dwarf;
				ENABLE_STRICT_OBJC_MSGSEND = YES;
				ENABLE_TESTABILITY = YES;
				GCC_C_LANGUAGE_STANDARD = gnu11;
				GCC_DYNAMIC_NO_PIC = NO;
				GCC_NO_COMMON_BLOCKS = YES;
				GCC_OPTIMIZATION_LEVEL = 0;
				GCC_PREPROCESSOR_DEFINITIONS = (
					"DEBUG=1",
					"$(inherited)",
				);
				GCC_WARN_64_TO_32_BIT_CONVERSION = YES;
				GCC_WARN_ABOUT_RETURN_TYPE = YES_ERROR;
				GCC_WARN_UNDECLARED_SELECTOR = YES;
				GCC_WARN_UNINITIALIZED_AUTOS = YES_AGGRESSIVE;
				GCC_WARN_UNUSED_FUNCTION = YES;
				GCC_WARN_UNUSED_VARIABLE = YES;
				MACOSX_DEPLOYMENT_TARGET = 10.15;
				MTL_ENABLE_DEBUG_INFO = INCLUDE_SOURCE;
				MTL_FAST_MATH = YES;
				ONLY_ACTIVE_ARCH = YES;
				SDKROOT = macosx;
				SWIFT_ACTIVE_COMPILATION_CONDITIONS = DEBUG;
				SWIFT_OPTIMIZATION_LEVEL = "-Onone";
			};
			name = Debug;
		};
		832D1AE1233CB957009D58D3 /* Release */ = {
			isa = XCBuildConfiguration;
			buildSettings = {
				ALWAYS_SEARCH_USER_PATHS = NO;
				CLANG_ANALYZER_NONNULL = YES;
				CLANG_ANALYZER_NUMBER_OBJECT_CONVERSION = YES_AGGRESSIVE;
				CLANG_CXX_LANGUAGE_STANDARD = "gnu++14";
				CLANG_CXX_LIBRARY = "libc++";
				CLANG_ENABLE_MODULES = YES;
				CLANG_ENABLE_OBJC_ARC = YES;
				CLANG_ENABLE_OBJC_WEAK = YES;
				CLANG_WARN_BLOCK_CAPTURE_AUTORELEASING = YES;
				CLANG_WARN_BOOL_CONVERSION = YES;
				CLANG_WARN_COMMA = YES;
				CLANG_WARN_CONSTANT_CONVERSION = YES;
				CLANG_WARN_DEPRECATED_OBJC_IMPLEMENTATIONS = YES;
				CLANG_WARN_DIRECT_OBJC_ISA_USAGE = YES_ERROR;
				CLANG_WARN_DOCUMENTATION_COMMENTS = YES;
				CLANG_WARN_EMPTY_BODY = YES;
				CLANG_WARN_ENUM_CONVERSION = YES;
				CLANG_WARN_INFINITE_RECURSION = YES;
				CLANG_WARN_INT_CONVERSION = YES;
				CLANG_WARN_NON_LITERAL_NULL_CONVERSION = YES;
				CLANG_WARN_OBJC_IMPLICIT_RETAIN_SELF = YES;
				CLANG_WARN_OBJC_LITERAL_CONVERSION = YES;
				CLANG_WARN_OBJC_ROOT_CLASS = YES_ERROR;
				CLANG_WARN_RANGE_LOOP_ANALYSIS = YES;
				CLANG_WARN_STRICT_PROTOTYPES = YES;
				CLANG_WARN_SUSPICIOUS_MOVE = YES;
				CLANG_WARN_UNGUARDED_AVAILABILITY = YES_AGGRESSIVE;
				CLANG_WARN_UNREACHABLE_CODE = YES;
				CLANG_WARN__DUPLICATE_METHOD_MATCH = YES;
				CODE_SIGN_IDENTITY = "-";
				COPY_PHASE_STRIP = NO;
				DEBUG_INFORMATION_FORMAT = "dwarf-with-dsym";
				ENABLE_NS_ASSERTIONS = NO;
				ENABLE_STRICT_OBJC_MSGSEND = YES;
				GCC_C_LANGUAGE_STANDARD = gnu11;
				GCC_NO_COMMON_BLOCKS = YES;
				GCC_WARN_64_TO_32_BIT_CONVERSION = YES;
				GCC_WARN_ABOUT_RETURN_TYPE = YES_ERROR;
				GCC_WARN_UNDECLARED_SELECTOR = YES;
				GCC_WARN_UNINITIALIZED_AUTOS = YES_AGGRESSIVE;
				GCC_WARN_UNUSED_FUNCTION = YES;
				GCC_WARN_UNUSED_VARIABLE = YES;
				MACOSX_DEPLOYMENT_TARGET = 10.15;
				MTL_ENABLE_DEBUG_INFO = NO;
				MTL_FAST_MATH = YES;
				SDKROOT = macosx;
				SWIFT_COMPILATION_MODE = wholemodule;
				SWIFT_OPTIMIZATION_LEVEL = "-O";
			};
			name = Release;
		};
		832D1AE3233CB957009D58D3 /* Debug */ = {
			isa = XCBuildConfiguration;
			buildSettings = {
				CODE_SIGN_STYLE = Automatic;
				MACOSX_DEPLOYMENT_TARGET = 10.14;
				PRODUCT_NAME = "$(TARGET_NAME)";
				SWIFT_VERSION = 5.0;
			};
			name = Debug;
		};
		832D1AE4233CB957009D58D3 /* Release */ = {
			isa = XCBuildConfiguration;
			buildSettings = {
				CODE_SIGN_STYLE = Automatic;
				MACOSX_DEPLOYMENT_TARGET = 10.14;
				PRODUCT_NAME = "$(TARGET_NAME)";
				SWIFT_VERSION = 5.0;
			};
			name = Release;
		};
/* End XCBuildConfiguration section */

/* Begin XCConfigurationList section */
		5DC0C5292344AB5B0018C551 /* Build configuration list for PBXNativeTarget "ChessGameUnitTest" */ = {
			isa = XCConfigurationList;
			buildConfigurations = (
				5DC0C5272344AB5B0018C551 /* Debug */,
				5DC0C5282344AB5B0018C551 /* Release */,
			);
			defaultConfigurationIsVisible = 0;
			defaultConfigurationName = Release;
		};
		832D1AD6233CB957009D58D3 /* Build configuration list for PBXProject "ChessGame" */ = {
			isa = XCConfigurationList;
			buildConfigurations = (
				832D1AE0233CB957009D58D3 /* Debug */,
				832D1AE1233CB957009D58D3 /* Release */,
			);
			defaultConfigurationIsVisible = 0;
			defaultConfigurationName = Release;
		};
		832D1AE2233CB957009D58D3 /* Build configuration list for PBXNativeTarget "ChessGame" */ = {
			isa = XCConfigurationList;
			buildConfigurations = (
				832D1AE3233CB957009D58D3 /* Debug */,
				832D1AE4233CB957009D58D3 /* Release */,
			);
			defaultConfigurationIsVisible = 0;
			defaultConfigurationName = Release;
		};
/* End XCConfigurationList section */
	};
	rootObject = 832D1AD3233CB957009D58D3 /* Project object */;
}
